{
  "name": "covenus",
  "version": "1.0.0",
  "lockfileVersion": 1,
  "dependencies": {
    "@types/commander": {
      "version": "2.9.1",
      "resolved": "https://registry.npmjs.org/@types/commander/-/commander-2.9.1.tgz",
      "integrity": "sha512-P4s1aEJYjHB1pmS5th4WXQ/NEYykK1FmCFJL+NIrDCptWs2DIS/SsVjmaubvcWZ17VzlG+CwiAv52ghkfkepWA=="
    },
    "@types/node": {
      "version": "7.0.31",
      "resolved": "https://registry.npmjs.org/@types/node/-/node-7.0.31.tgz",
      "integrity": "sha512-+KrE1LDddn97ip+gXZAnzNQ0pupKH/6tcKwTpo96BDVNpzmhIKGHug0Wd3H0dN4WEqYB1tXYI5m2mZuIZNI8tg=="
    },
    "commander": {
      "version": "2.9.0",
      "resolved": "https://registry.npmjs.org/commander/-/commander-2.9.0.tgz",
      "integrity": "sha1-nJkJQXbhIkDLItbFFGCYQA/g99Q="
    },
    "graceful-readlink": {
      "version": "1.0.1",
      "resolved": "https://registry.npmjs.org/graceful-readlink/-/graceful-readlink-1.0.1.tgz",
      "integrity": "sha1-TK+tdrxi8C+gObL5Tpo906ORpyU="
    },
    "reflect-metadata": {
      "version": "0.1.10",
      "resolved": "https://registry.npmjs.org/reflect-metadata/-/reflect-metadata-0.1.10.tgz",
      "integrity": "sha1-tPg3BEFqytiZiMmxVjXUfgO5NEo="
    }
  }
}
